{
  "name": "ts-play-browser",
  "version": "0.0.0",
  "lockfileVersion": 1,
  "requires": true,
  "dependencies": {
    "monaco-editor": {
      "version": "0.16.2",
      "resolved": "https://registry.npmjs.org/monaco-editor/-/monaco-editor-0.16.2.tgz",
      "integrity": "sha512-NtGrFzf54jADe7qsWh3lazhS7Kj0XHkJUGBq9fA/Jbwc+sgVcyfsYF6z2AQ7hPqDC+JmdOt/OwFjBnRwqXtx6w=="
    },
    "typescript": {
      "version": "3.4.2",
      "resolved": "https://registry.npmjs.org/typescript/-/typescript-3.4.2.tgz",
      "integrity": "sha512-Og2Vn6Mk7JAuWA1hQdDQN/Ekm/SchX80VzLhjKN9ETYrIepBFAd8PkOdOTK2nKt0FCkmMZKBJvQ1dV1gIxPu/A=="
    }
  }
}
